// !$*UTF8*$!
{
	archiveVersion = 1;
	classes = {
	};
	objectVersion = 56;
	objects = {

/* Begin PBXBuildFile section */
		D01A001A2C0000000001 /* BourgaultTankOptimizerApp.swift in Sources */ = {isa = PBXBuildFile; fileRef = D01A00192C0000000001 /* BourgaultTankOptimizerApp.swift */; };
		D01A001C2C0000000002 /* ContentView.swift in Sources */ = {isa = PBXBuildFile; fileRef = D01A001B2C0000000002 /* ContentView.swift */; };
		D01A001E2C0000000003 /* Models.swift in Sources */ = {isa = PBXBuildFile; fileRef = D01A001D2C0000000003 /* Models.swift */; };
		D01A00202C0000000004 /* Allocator.swift in Sources */ = {isa = PBXBuildFile; fileRef = D01A001F2C0000000004 /* Allocator.swift */; };
		D01A00222C0000000005 /* ProductSelectionView.swift in Sources */ = {isa = PBXBuildFile; fileRef = D01A00212C0000000005 /* ProductSelectionView.swift */; };
		D01A00242C0000000006 /* ResultsView.swift in Sources */ = {isa = PBXBuildFile; fileRef = D01A00232C0000000006 /* ResultsView.swift */; };
		D01A00262C0000000007 /* Assets.xcassets in Resources */ = {isa = PBXBuildFile; fileRef = D01A00252C0000000007 /* Assets.xcassets */; };
		D01A002A2C0000000008 /* Preview Assets.xcassets in Resources */ = {isa = PBXBuildFile; fileRef = D01A00292C0000000008 /* Preview Assets.xcassets */; };
		D01A00342C0000000009 /* AllocatorTests.swift in Sources */ = {isa = PBXBuildFile; fileRef = D01A00332C0000000009 /* AllocatorTests.swift */; };
/* End PBXBuildFile section */

/* Begin PBXContainerItemProxy section */
		D01A00302C000000000A /* PBXContainerItemProxy */ = {
			isa = PBXContainerItemProxy;
			containerPortal = D01A000E2C000000000B /* Project object */;
			proxyType = 1;
			remoteGlobalIDString = D01A00152C000000000C;
			remoteInfo = BourgaultTankOptimizer;
		};
/* End PBXContainerItemProxy section */

/* Begin PBXFileReference section */
		D01A00162C000000000D /* BourgaultTankOptimizer.app */ = {isa = PBXFileReference; explicitFileType = wrapper.application; includeInIndex = 0; path = BourgaultTankOptimizer.app; sourceTree = BUILT_PRODUCTS_DIR; };
		D01A00192C0000000001 /* BourgaultTankOptimizerApp.swift */ = {isa = PBXFileReference; lastKnownFileType = sourcecode.swift; path = BourgaultTankOptimizerApp.swift; sourceTree = "<group>"; };
		D01A001B2C0000000002 /* ContentView.swift */ = {isa = PBXFileReference; lastKnownFileType = sourcecode.swift; path = ContentView.swift; sourceTree = "<group>"; };
		D01A001D2C0000000003 /* Models.swift */ = {isa = PBXFileReference; lastKnownFileType = sourcecode.swift; path = Models.swift; sourceTree = "<group>"; };
		D01A001F2C0000000004 /* Allocator.swift */ = {isa = PBXFileReference; lastKnownFileType = sourcecode.swift; path = Allocator.swift; sourceTree = "<group>"; };
		D01A00212C0000000005 /* ProductSelectionView.swift */ = {isa = PBXFileReference; lastKnownFileType = sourcecode.swift; path = ProductSelectionView.swift; sourceTree = "<group>"; };
		D01A00232C0000000006 /* ResultsView.swift */ = {isa = PBXFileReference; lastKnownFileType = sourcecode.swift; path = ResultsView.swift; sourceTree = "<group>"; };
		D01A00252C0000000007 /* Assets.xcassets */ = {isa = PBXFileReference; lastKnownFileType = folder.assetcatalog; path = Assets.xcassets; sourceTree = "<group>"; };
		D01A00292C0000000008 /* Preview Assets.xcassets */ = {isa = PBXFileReference; lastKnownFileType = folder.assetcatalog; path = "Preview Assets.xcassets"; sourceTree = "<group>"; };
		D01A002F2C000000000E /* BourgaultTankOptimizerTests.xctest */ = {isa = PBXFileReference; explicitFileType = wrapper.cfbundle; includeInIndex = 0; path = BourgaultTankOptimizerTests.xctest; sourceTree = BUILT_PRODUCTS_DIR; };
		D01A00332C0000000009 /* AllocatorTests.swift */ = {isa = PBXFileReference; lastKnownFileType = sourcecode.swift; path = AllocatorTests.swift; sourceTree = "<group>"; };
/* End PBXFileReference section */

/* Begin PBXFrameworksBuildPhase section */
		D01A00132C000000000F /* Frameworks */ = {
			isa = PBXFrameworksBuildPhase;
			buildActionMask = 2147483647;
			files = (
			);
			runOnlyForDeploymentPostprocessing = 0;
		};
		D01A002C2C0000000010 /* Frameworks */ = {
			isa = PBXFrameworksBuildPhase;
			buildActionMask = 2147483647;
			files = (
			);
			runOnlyForDeploymentPostprocessing = 0;
		};
/* End PBXFrameworksBuildPhase section */

/* Begin PBXGroup section */
		D01A000D2C0000000011 = {
			isa = PBXGroup;
			children = (
				D01A00182C0000000012 /* BourgaultTankOptimizer */,
				D01A00322C0000000013 /* BourgaultTankOptimizerTests */,
				D01A00172C0000000014 /* Products */,
			);
			sourceTree = "<group>";
		};
		D01A00172C0000000014 /* Products */ = {
			isa = PBXGroup;
			children = (
				D01A00162C000000000D /* BourgaultTankOptimizer.app */,
				D01A002F2C000000000E /* BourgaultTankOptimizerTests.xctest */,
			);
			name = Products;
			sourceTree = "<group>";
		};
		D01A00182C0000000012 /* BourgaultTankOptimizer */ = {
			isa = PBXGroup;
			children = (
				D01A00192C0000000001 /* BourgaultTankOptimizerApp.swift */,
				D01A001B2C0000000002 /* ContentView.swift */,
				D01A001D2C0000000003 /* Models.swift */,
				D01A001F2C0000000004 /* Allocator.swift */,
				D01A00212C0000000005 /* ProductSelectionView.swift */,
				D01A00232C0000000006 /* ResultsView.swift */,
				D01A00252C0000000007 /* Assets.xcassets */,
				D01A00282C0000000015 /* Preview Content */,
			);
			path = BourgaultTankOptimizer;
			sourceTree = "<group>";
		};
		D01A00282C0000000015 /* Preview Content */ = {
			isa = PBXGroup;
			children = (
				D01A00292C0000000008 /* Preview Assets.xcassets */,
			);
			path = "Preview Content";
			sourceTree = "<group>";
		};
		D01A00322C0000000013 /* BourgaultTankOptimizerTests */ = {
			isa = PBXGroup;
			children = (
				D01A00332C0000000009 /* AllocatorTests.swift */,
			);
			path = BourgaultTankOptimizerTests;
			sourceTree = "<group>";
		};
/* End PBXGroup section */

/* Begin PBXNativeTarget section */
		D01A00152C000000000C /* BourgaultTankOptimizer */ = {
			isa = PBXNativeTarget;
			buildConfigurationList = D01A00432C0000000016 /* Build configuration list for PBXNativeTarget "BourgaultTankOptimizer" */;
			buildPhases = (
				D01A00122C0000000017 /* Sources */,
				D01A00132C000000000F /* Frameworks */,
				D01A00142C0000000018 /* Resources */,
			);
			buildRules = (
			);
			dependencies = (
			);
			name = BourgaultTankOptimizer;
			productName = BourgaultTankOptimizer;
			productReference = D01A00162C000000000D /* BourgaultTankOptimizer.app */;
			productType = "com.apple.product-type.application";
		};
		D01A002E2C0000000019 /* BourgaultTankOptimizerTests */ = {
			isa = PBXNativeTarget;
			buildConfigurationList = D01A00462C000000001A /* Build configuration list for PBXNativeTarget "BourgaultTankOptimizerTests" */;
			buildPhases = (
				D01A002B2C000000001B /* Sources */,
				D01A002C2C0000000010 /* Frameworks */,
				D01A002D2C000000001C /* Resources */,
			);
			buildRules = (
			);
			dependencies = (
				D01A00312C000000001D /* PBXTargetDependency */,
			);
			name = BourgaultTankOptimizerTests;
			productName = BourgaultTankOptimizerTests;
			productReference = D01A002F2C000000000E /* BourgaultTankOptimizerTests.xctest */;
			productType = "com.apple.product-type.bundle.unit-test";
		};
/* End PBXNativeTarget section */

/* Begin PBXProject section */
		D01A000E2C000000000B /* Project object */ = {
			isa = PBXProject;
			attributes = {
				BuildIndependentTargetsInParallel = 1;
				LastSwiftUpdateCheck = 1500;
				LastUpgradeCheck = 1500;
				TargetAttributes = {
					D01A00152C000000000C = {
						CreatedOnToolsVersion = 15.0;
					};
					D01A002E2C0000000019 = {
						CreatedOnToolsVersion = 15.0;
						TestTargetID = D01A00152C000000000C;
					};
				};
			};
			buildConfigurationList = D01A00112C000000001E /* Build configuration list for PBXProject "BourgaultTankOptimizer" */;
			compatibilityVersion = "Xcode 14.0";
			developmentRegion = en;
			hasScannedForEncodings = 0;
			knownRegions = (
				en,
				Base,
			);
			mainGroup = D01A000D2C0000000011;
			productRefGroup = D01A00172C0000000014 /* Products */;
			projectDirPath = "";
			projectRoot = "";
			targets = (
				D01A00152C000000000C /* BourgaultTankOptimizer */,
				D01A002E2C0000000019 /* BourgaultTankOptimizerTests */,
			);
		};
/* End PBXProject section */

/* Begin PBXResourcesBuildPhase section */
		D01A00142C0000000018 /* Resources */ = {
			isa = PBXResourcesBuildPhase;
			buildActionMask = 2147483647;
			files = (
				D01A002A2C0000000008 /* Preview Assets.xcassets in Resources */,
				D01A00262C0000000007 /* Assets.xcassets in Resources */,
			);
			runOnlyForDeploymentPostprocessing = 0;
		};
		D01A002D2C000000001C /* Resources */ = {
			isa = PBXResourcesBuildPhase;
			buildActionMask = 2147483647;
			files = (
			);
			runOnlyForDeploymentPostprocessing = 0;
		};
/* End PBXResourcesBuildPhase section */

/* Begin PBXSourcesBuildPhase section */
		D01A00122C0000000017 /* Sources */ = {
			isa = PBXSourcesBuildPhase;
			buildActionMask = 2147483647;
			files = (
				D01A001C2C0000000002 /* ContentView.swift in Sources */,
				D01A00222C0000000005 /* ProductSelectionView.swift in Sources */,
				D01A00242C0000000006 /* ResultsView.swift in Sources */,
				D01A001E2C0000000003 /* Models.swift in Sources */,
				D01A00202C0000000004 /* Allocator.swift in Sources */,
				D01A001A2C0000000001 /* BourgaultTankOptimizerApp.swift in Sources */,
			);
			runOnlyForDeploymentPostprocessing = 0;
		};
		D01A002B2C000000001B /* Sources */ = {
			isa = PBXSourcesBuildPhase;
			buildActionMask = 2147483647;
			files = (
				D01A00342C0000000009 /* AllocatorTests.swift in Sources */,
			);
			runOnlyForDeploymentPostprocessing = 0;
		};
/* End PBXSourcesBuildPhase section */

/* Begin PBXTargetDependency section */
		D01A00312C000000001D /* PBXTargetDependency */ = {
			isa = PBXTargetDependency;
			target = D01A00152C000000000C /* BourgaultTankOptimizer */;
			targetProxy = D01A00302C000000000A /* PBXContainerItemProxy */;
		};
/* End PBXTargetDependency section */

/* Begin XCBuildConfiguration section */
		D01A00412C000000001F /* Debug */ = {
			isa = XCBuildConfiguration;
			buildSettings = {
				ALWAYS_SEARCH_USER_PATHS = NO;
				ASSETCATALOG_COMPILER_GENERATE_SWIFT_ASSET_SYMBOL_EXTENSIONS = YES;
				CLANG_ANALYZER_NONNULL = YES;
				CLANG_ANALYZER_NUMBER_OBJECT_CONVERSION = YES_AGGRESSIVE;
				CLANG_CXX_LANGUAGE_STANDARD = "gnu++20";
				CLANG_ENABLE_MODULES = YES;
				CLANG_ENABLE_OBJC_ARC = YES;
				CLANG_ENABLE_OBJC_WEAK = YES;
				CLANG_WARN_BLOCK_CAPTURE_AUTORELEASING = YES;
				CLANG_WARN_BOOL_CONVERSION = YES;
				CLANG_WARN_COMMA = YES;
				CLANG_WARN_CONSTANT_CONVERSION = YES;
				CLANG_WARN_DEPRECATED_OBJC_IMPLEMENTATIONS = YES;
				CLANG_WARN_DIRECT_OBJC_ISA_USAGE = YES_ERROR;
				CLANG_WARN_DOCUMENTATION_COMMENTS = YES;
				CLANG_WARN_EMPTY_BODY = YES;
				CLANG_WARN_ENUM_CONVERSION = YES;
				CLANG_WARN_INFINITE_RECURSION = YES;
				CLANG_WARN_INT_CONVERSION = YES;
				CLANG_WARN_NON_LITERAL_NULL_CONVERSION = YES;
				CLANG_WARN_OBJC_IMPLICIT_RETAIN_SELF = YES;
				CLANG_WARN_OBJC_LITERAL_CONVERSION = YES;
				CLANG_WARN_OBJC_ROOT_CLASS = YES_ERROR;
				CLANG_WARN_QUOTED_INCLUDE_IN_FRAMEWORK_HEADER = YES;
				CLANG_WARN_RANGE_LOOP_ANALYSIS = YES;
				CLANG_WARN_STRICT_PROTOTYPES = YES;
				CLANG_WARN_SUSPICIOUS_MOVE = YES;
				CLANG_WARN_UNGUARDED_AVAILABILITY = YES_AGGRESSIVE;
				CLANG_WARN_UNREACHABLE_CODE = YES;
				CLANG_WARN__DUPLICATE_METHOD_MATCH = YES;
				COPY_PHASE_STRIP = NO;
				DEBUG_INFORMATION_FORMAT = dwarf;
				ENABLE_STRICT_OBJC_MSGSEND = YES;
				ENABLE_TESTABILITY = YES;
				ENABLE_USER_SCRIPT_SANDBOXING = YES;
				GCC_C_LANGUAGE_STANDARD = gnu17;
				GCC_DYNAMIC_NO_PIC = NO;
				GCC_NO_COMMON_BLOCKS = YES;
				GCC_OPTIMIZATION_LEVEL = 0;
				GCC_PREPROCESSOR_DEFINITIONS = (
					"DEBUG=1",
					"$(inherited)",
				);
				GCC_WARN_64_TO_32_BIT_CONVERSION = YES;
				GCC_WARN_ABOUT_RETURN_TYPE = YES_ERROR;
				GCC_WARN_UNDECLARED_SELECTOR = YES;
				GCC_WARN_UNINITIALIZED_AUTOS = YES_AGGRESSIVE;
				GCC_WARN_UNUSED_FUNCTION = YES;
				GCC_WARN_UNUSED_VARIABLE = YES;
				IPHONEOS_DEPLOYMENT_TARGET = 16.0;
				LOCALIZATION_PREFERS_STRING_CATALOGS = YES;
				MTL_ENABLE_DEBUG_INFO = INCLUDE_SOURCE;
				MTL_FAST_MATH = YES;
				ONLY_ACTIVE_ARCH = YES;
				SWIFT_ACTIVE_COMPILATION_CONDITIONS = "DEBUG $(inherited)";
				SWIFT_OPTIMIZATION_LEVEL = "-Onone";
			};
			name = Debug;
		};
		D01A00422C0000000020 /* Release */ = {
			isa = XCBuildConfiguration;
			buildSettings = {
				ALWAYS_SEARCH_USER_PATHS = NO;
				ASSETCATALOG_COMPILER_GENERATE_SWIFT_ASSET_SYMBOL_EXTENSIONS = YES;
				CLANG_ANALYZER_NONNULL = YES;
				CLANG_ANALYZER_NUMBER_OBJECT_CONVERSION = YES_AGGRESSIVE;
				CLANG_CXX_LANGUAGE_STANDARD = "gnu++20";
				CLANG_ENABLE_MODULES = YES;
				CLANG_ENABLE_OBJC_ARC = YES;
				CLANG_ENABLE_OBJC_WEAK = YES;
				CLANG_WARN_BLOCK_CAPTURE_AUTORELEASING = YES;
				CLANG_WARN_BOOL_CONVERSION = YES;
				CLANG_WARN_COMMA = YES;
				CLANG_WARN_CONSTANT_CONVERSION = YES;
				CLANG_WARN_DEPRECATED_OBJC_IMPLEMENTATIONS = YES;
				CLANG_WARN_DIRECT_OBJC_ISA_USAGE = YES_ERROR;
				CLANG_WARN_DOCUMENTATION_COMMENTS = YES;
				CLANG_WARN_EMPTY_BODY = YES;
				CLANG_WARN_ENUM_CONVERSION = YES;
				CLANG_WARN_INFINITE_RECURSION = YES;
				CLANG_WARN_INT_CONVERSION = YES;
				CLANG_WARN_NON_LITERAL_NULL_CONVERSION = YES;
				CLANG_WARN_OBJC_IMPLICIT_RETAIN_SELF = YES;
				CLANG_WARN_OBJC_LITERAL_CONVERSION = YES;
				CLANG_WARN_OBJC_ROOT_CLASS = YES_ERROR;
				CLANG_WARN_QUOTED_INCLUDE_IN_FRAMEWORK_HEADER = YES;
				CLANG_WARN_RANGE_LOOP_ANALYSIS = YES;
				CLANG_WARN_STRICT_PROTOTYPES = YES;
				CLANG_WARN_SUSPICIOUS_MOVE = YES;
				CLANG_WARN_UNGUARDED_AVAILABILITY = YES_AGGRESSIVE;
				CLANG_WARN_UNREACHABLE_CODE = YES;
				CLANG_WARN__DUPLICATE_METHOD_MATCH = YES;
				COPY_PHASE_STRIP = NO;
				DEBUG_INFORMATION_FORMAT = "dwarf-with-dsym";
				ENABLE_NS_ASSERTIONS = NO;
				ENABLE_STRICT_OBJC_MSGSEND = YES;
				ENABLE_USER_SCRIPT_SANDBOXING = YES;
				GCC_C_LANGUAGE_STANDARD = gnu17;
				GCC_NO_COMMON_BLOCKS = YES;
				GCC_WARN_64_TO_32_BIT_CONVERSION = YES;
				GCC_WARN_ABOUT_RETURN_TYPE = YES_ERROR;
				GCC_WARN_UNDECLARED_SELECTOR = YES;
				GCC_WARN_UNINITIALIZED_AUTOS = YES_AGGRESSIVE;
				GCC_WARN_UNUSED_FUNCTION = YES;
				GCC_WARN_UNUSED_VARIABLE = YES;
				IPHONEOS_DEPLOYMENT_TARGET = 16.0;
				LOCALIZATION_PREFERS_STRING_CATALOGS = YES;
				MTL_ENABLE_DEBUG_INFO = NO;
				MTL_FAST_MATH = YES;
				SWIFT_COMPILATION_MODE = wholemodule;
			};
			name = Release;
		};
		D01A00442C0000000021 /* Debug */ = {
			isa = XCBuildConfiguration;
			buildSettings = {
				ASSETCATALOG_COMPILER_APPICON_NAME = AppIcon;
				ASSETCATALOG_COMPILER_GLOBAL_ACCENT_COLOR_NAME = AccentColor;
				CODE_SIGN_STYLE = Automatic;
				CURRENT_PROJECT_VERSION = 1;
				DEVELOPMENT_ASSET_PATHS = "\"BourgaultTankOptimizer/Preview Content\"";
				ENABLE_PREVIEWS = YES;
				GENERATE_INFOPLIST_FILE = YES;
				INFOPLIST_KEY_UIApplicationSceneManifest_Generation = YES;
				INFOPLIST_KEY_UIApplicationSupportsIndirectInputEvents = YES;
				INFOPLIST_KEY_UILaunchScreen_Generation = YES;
				INFOPLIST_KEY_UISupportedInterfaceOrientations = "UIInterfaceOrientationPortrait UIInterfaceOrientationLandscapeLeft UIInterfaceOrientationLandscapeRight";
				INFOPLIST_KEY_UISupportedInterfaceOrientations_iPad = "UIInterfaceOrientationPortrait UIInterfaceOrientationPortraitUpsideDown UIInterfaceOrientationLandscapeLeft UIInterfaceOrientationLandscapeRight";
				INFOPLIST_KEY_UISupportedInterfaceOrientations_iPhone = "UIInterfaceOrientationPortrait UIInterfaceOrientationLandscapeLeft UIInterfaceOrientationLandscapeRight";
				IPHONEOS_DEPLOYMENT_TARGET = 16.0;
				LD_RUNPATH_SEARCH_PATHS = (
					"$(inherited)",
					"@executable_path/Frameworks",
				);
				MARKETING_VERSION = 1.0;
				PRODUCT_BUNDLE_IDENTIFIER = com.moses.BourgaultTankOptimizer;
				PRODUCT_NAME = "$(TARGET_NAME)";
				SDKROOT = iphoneos;
				SWIFT_EMIT_LOC_STRINGS = YES;
				SWIFT_VERSION = 5.0;
				TARGETED_DEVICE_FAMILY = "1,2";
			};
			name = Debug;
		};
		D01A00452C0000000022 /* Release */ = {
			isa = XCBuildConfiguration;
			buildSettings = {
				ASSETCATALOG_COMPILER_APPICON_NAME = AppIcon;
				ASSETCATALOG_COMPILER_GLOBAL_ACCENT_COLOR_NAME = AccentColor;
				CODE_SIGN_STYLE = Automatic;
				CURRENT_PROJECT_VERSION = 1;
				DEVELOPMENT_ASSET_PATHS = "\"BourgaultTankOptimizer/Preview Content\"";
				ENABLE_PREVIEWS = YES;
				GENERATE_INFOPLIST_FILE = YES;
				INFOPLIST_KEY_UIApplicationSceneManifest_Generation = YES;
				INFOPLIST_KEY_UIApplicationSupportsIndirectInputEvents = YES;
				INFOPLIST_KEY_UILaunchScreen_Generation = YES;
				INFOPLIST_KEY_UISupportedInterfaceOrientations = "UIInterfaceOrientationPortrait UIInterfaceOrientationLandscapeLeft UIInterfaceOrientationLandscapeRight";
				INFOPLIST_KEY_UISupportedInterfaceOrientations_iPad = "UIInterfaceOrientationPortrait UIInterfaceOrientationPortraitUpsideDown UIInterfaceOrientationLandscapeLeft UIInterfaceOrientationLandscapeRight";
				INFOPLIST_KEY_UISupportedInterfaceOrientations_iPhone = "UIInterfaceOrientationPortrait UIInterfaceOrientationLandscapeLeft UIInterfaceOrientationLandscapeRight";
				IPHONEOS_DEPLOYMENT_TARGET = 16.0;
				LD_RUNPATH_SEARCH_PATHS = (
					"$(inherited)",
					"@executable_path/Frameworks",
				);
				MARKETING_VERSION = 1.0;
				PRODUCT_BUNDLE_IDENTIFIER = com.moses.BourgaultTankOptimizer;
				PRODUCT_NAME = "$(TARGET_NAME)";
				SDKROOT = iphoneos;
				SWIFT_EMIT_LOC_STRINGS = YES;
				SWIFT_VERSION = 5.0;
				TARGETED_DEVICE_FAMILY = "1,2";
				VALIDATE_PRODUCT = YES;
			};
			name = Release;
		};
		D01A00472C0000000023 /* Debug */ = {
			isa = XCBuildConfiguration;
			buildSettings = {
				ALWAYS_EMBED_SWIFT_STANDARD_LIBRARIES = YES;
				BUNDLE_LOADER = "$(TEST_HOST)";
				CODE_SIGN_STYLE = Automatic;
				CURRENT_PROJECT_VERSION = 1;
				GENERATE_INFOPLIST_FILE = YES;
				IPHONEOS_DEPLOYMENT_TARGET = 16.0;
				MARKETING_VERSION = 1.0;
				PRODUCT_BUNDLE_IDENTIFIER = com.moses.BourgaultTankOptimizerTests;
				PRODUCT_NAME = "$(TARGET_NAME)";
				SDKROOT = iphoneos;
				SWIFT_EMIT_LOC_STRINGS = NO;
				SWIFT_VERSION = 5.0;
				TARGETED_DEVICE_FAMILY = "1,2";
				TEST_HOST = "$(BUILT_PRODUCTS_DIR)/BourgaultTankOptimizer.app/$(BUNDLE_EXECUTABLE_FOLDER_PATH)/BourgaultTankOptimizer";
			};
			name = Debug;
		};
		D01A00482C0000000024 /* Release */ = {
			isa = XCBuildConfiguration;
			buildSettings = {
				ALWAYS_EMBED_SWIFT_STANDARD_LIBRARIES = YES;
				BUNDLE_LOADER = "$(TEST_HOST)";
				CODE_SIGN_STYLE = Automatic;
				CURRENT_PROJECT_VERSION = 1;
				GENERATE_INFOPLIST_FILE = YES;
				IPHONEOS_DEPLOYMENT_TARGET = 16.0;
				MARKETING_VERSION = 1.0;
				PRODUCT_BUNDLE_IDENTIFIER = com.moses.BourgaultTankOptimizerTests;
				PRODUCT_NAME = "$(TARGET_NAME)";
				SDKROOT = iphoneos;
				SWIFT_EMIT_LOC_STRINGS = NO;
				SWIFT_VERSION = 5.0;
				TARGETED_DEVICE_FAMILY = "1,2";
				TEST_HOST = "$(BUILT_PRODUCTS_DIR)/BourgaultTankOptimizer.app/$(BUNDLE_EXECUTABLE_FOLDER_PATH)/BourgaultTankOptimizer";
				VALIDATE_PRODUCT = YES;
			};
			name = Release;
		};
/* End XCBuildConfiguration section */

/* Begin XCConfigurationList section */
		D01A00112C000000001E /* Build configuration list for PBXProject "BourgaultTankOptimizer" */ = {
			isa = XCConfigurationList;
			buildConfigurations = (
				D01A00412C000000001F /* Debug */,
				D01A00422C0000000020 /* Release */,
			);
			defaultConfigurationIsVisible = 0;
			defaultConfigurationName = Release;
		};
		D01A00432C0000000016 /* Build configuration list for PBXNativeTarget "BourgaultTankOptimizer" */ = {
			isa = XCConfigurationList;
			buildConfigurations = (
				D01A00442C0000000021 /* Debug */,
				D01A00452C0000000022 /* Release */,
			);
			defaultConfigurationIsVisible = 0;
			defaultConfigurationName = Release;
		};
		D01A00462C000000001A /* Build configuration list for PBXNativeTarget "BourgaultTankOptimizerTests" */ = {
			isa = XCConfigurationList;
			buildConfigurations = (
				D01A00472C0000000023 /* Debug */,
				D01A00482C0000000024 /* Release */,
			);
			defaultConfigurationIsVisible = 0;
			defaultConfigurationName = Release;
		};
/* End XCConfigurationList section */
	};
	rootObject = D01A000E2C000000000B /* Project object */;
}
